PODS:
  - file_picker (0.0.1):
    - FlutterMacOS
  - FlutterMacOS (1.0.0)
  - mango_player (0.0.1):
    - FlutterMacOS

DEPENDENCIES:
  - file_picker (from `Flutter/ephemeral/.symlinks/plugins/file_picker/macos`)
  - FlutterMacOS (from `Flutter/ephemeral`)
  - mango_player (from `Flutter/ephemeral/.symlinks/plugins/mango_player/macos`)

EXTERNAL SOURCES:
  file_picker:
    :path: Flutter/ephemeral/.symlinks/plugins/file_picker/macos
  FlutterMacOS:
    :path: Flutter/ephemeral
  mango_player:
    :path: Flutter/ephemeral/.symlinks/plugins/mango_player/macos

SPEC CHECKSUMS:
  file_picker: 7584aae6fa07a041af2b36a2655122d42f578c1a
  FlutterMacOS: 8f6f14fa908a6fb3fba0cd85dbd81ec4b251fb24
  mango_player: 7146d26a86c6a5a6fc09b180363e514dbfd0c9d4

PODFILE CHECKSUM: cb68cac4619bd7eaee8002bb5706048c8ab73d8c

COCOAPODS: 1.16.2
